
Microsoft Visual Studio Solution File, Format Version 12.00
# Visual Studio 15
VisualStudioVersion = 15.0.27703.2026
MinimumVisualStudioVersion = 10.0.40219.1
Project("{FAE04EC0-301F-11D3-BF4B-00C04F79EFBC}") = "addressbook-web-tests", "addressbook-web-tests\addressbook-web-tests.csproj", "{C01DD845-CC7B-4270-95B5-5F7F10B1B243}"
EndProject
Global
	GlobalSection(SolutionConfigurationPlatforms) = preSolution
		Debug|Any CPU = Debug|Any CPU
		Release|Any CPU = Release|Any CPU
	EndGlobalSection
	GlobalSection(ProjectConfigurationPlatforms) = postSolution
		{C01DD845-CC7B-4270-95B5-5F7F10B1B243}.Debug|Any CPU.ActiveCfg = Debug|Any CPU
		{C01DD845-CC7B-4270-95B5-5F7F10B1B243}.Debug|Any CPU.Build.0 = Debug|Any CPU
		{C01DD845-CC7B-4270-95B5-5F7F10B1B243}.Release|Any CPU.ActiveCfg = Release|Any CPU
		{C01DD845-CC7B-4270-95B5-5F7F10B1B243}.Release|Any CPU.Build.0 = Release|Any CPU
	EndGlobalSection
	GlobalSection(SolutionProperties) = preSolution
		HideSolutionNode = FALSE
	EndGlobalSection
	GlobalSection(ExtensibilityGlobals) = postSolution
		SolutionGuid = {291003EC-C771-4056-B5D1-BB8108A470FF}
	EndGlobalSection
EndGlobal
